
Microsoft Visual Studio Solution File, Format Version 12.00
# Visual Studio 2012
Project("{E24C65DC-7377-472B-9ABA-BC803B73C61A}") = "App_Cntrl_2_DtGrd", ".", "{74F2DA1D-9E7B-4144-A1CB-6D0BEAFD9D91}"
	ProjectSection(WebsiteProperties) = preProject
		TargetFrameworkMoniker = ".NETFramework,Version%3Dv4.5"
		Debug.AspNetCompiler.VirtualPath = "/App_Cntrl_2_DtGrd"
		Debug.AspNetCompiler.PhysicalPath = "..\App_Cntrl_2_DtGrd\"
		Debug.AspNetCompiler.TargetPath = "PrecompiledWeb\App_Cntrl_2_DtGrd\"
		Debug.AspNetCompiler.Updateable = "true"
		Debug.AspNetCompiler.ForceOverwrite = "true"
		Debug.AspNetCompiler.FixedNames = "false"
		Debug.AspNetCompiler.Debug = "True"
		Release.AspNetCompiler.VirtualPath = "/App_Cntrl_2_DtGrd"
		Release.AspNetCompiler.PhysicalPath = "..\App_Cntrl_2_DtGrd\"
		Release.AspNetCompiler.TargetPath = "PrecompiledWeb\App_Cntrl_2_DtGrd\"
		Release.AspNetCompiler.Updateable = "true"
		Release.AspNetCompiler.ForceOverwrite = "true"
		Release.AspNetCompiler.FixedNames = "false"
		Release.AspNetCompiler.Debug = "False"
		VWDPort = "1046"
	EndProjectSection
EndProject
Global
	GlobalSection(SolutionConfigurationPlatforms) = preSolution
		Debug|Any CPU = Debug|Any CPU
	EndGlobalSection
	GlobalSection(ProjectConfigurationPlatforms) = postSolution
		{74F2DA1D-9E7B-4144-A1CB-6D0BEAFD9D91}.Debug|Any CPU.ActiveCfg = Debug|Any CPU
		{74F2DA1D-9E7B-4144-A1CB-6D0BEAFD9D91}.Debug|Any CPU.Build.0 = Debug|Any CPU
	EndGlobalSection
	GlobalSection(SolutionProperties) = preSolution
		HideSolutionNode = FALSE
	EndGlobalSection
EndGlobal
