
Microsoft Visual Studio Solution File, Format Version 12.00
# Visual Studio 2012
Project("{E24C65DC-7377-472B-9ABA-BC803B73C61A}") = "MasterPage_Demo", ".", "{FA35BCD1-B003-4D62-BC5A-C4E9CBDF31EE}"
	ProjectSection(WebsiteProperties) = preProject
		TargetFrameworkMoniker = ".NETFramework,Version%3Dv4.5"
		Debug.AspNetCompiler.VirtualPath = "/MasterPage_Demo"
		Debug.AspNetCompiler.PhysicalPath = "..\MasterPage_Demo\"
		Debug.AspNetCompiler.TargetPath = "PrecompiledWeb\MasterPage_Demo\"
		Debug.AspNetCompiler.Updateable = "true"
		Debug.AspNetCompiler.ForceOverwrite = "true"
		Debug.AspNetCompiler.FixedNames = "false"
		Debug.AspNetCompiler.Debug = "True"
		Release.AspNetCompiler.VirtualPath = "/MasterPage_Demo"
		Release.AspNetCompiler.PhysicalPath = "..\MasterPage_Demo\"
		Release.AspNetCompiler.TargetPath = "PrecompiledWeb\MasterPage_Demo\"
		Release.AspNetCompiler.Updateable = "true"
		Release.AspNetCompiler.ForceOverwrite = "true"
		Release.AspNetCompiler.FixedNames = "false"
		Release.AspNetCompiler.Debug = "False"
		VWDPort = "1476"
	EndProjectSection
EndProject
Global
	GlobalSection(SolutionConfigurationPlatforms) = preSolution
		Debug|Any CPU = Debug|Any CPU
	EndGlobalSection
	GlobalSection(ProjectConfigurationPlatforms) = postSolution
		{FA35BCD1-B003-4D62-BC5A-C4E9CBDF31EE}.Debug|Any CPU.ActiveCfg = Debug|Any CPU
		{FA35BCD1-B003-4D62-BC5A-C4E9CBDF31EE}.Debug|Any CPU.Build.0 = Debug|Any CPU
	EndGlobalSection
	GlobalSection(SolutionProperties) = preSolution
		HideSolutionNode = FALSE
	EndGlobalSection
EndGlobal
