
Microsoft Visual Studio Solution File, Format Version 12.00
# Visual Studio 2012
Project("{E24C65DC-7377-472B-9ABA-BC803B73C61A}") = "Session_Demo", ".", "{5928D8B4-7EEF-4F07-8A04-05A9FDF32F95}"
	ProjectSection(WebsiteProperties) = preProject
		TargetFrameworkMoniker = ".NETFramework,Version%3Dv4.5"
		Debug.AspNetCompiler.VirtualPath = "/Session_Demo"
		Debug.AspNetCompiler.PhysicalPath = "..\Session_Demo\"
		Debug.AspNetCompiler.TargetPath = "PrecompiledWeb\Session_Demo\"
		Debug.AspNetCompiler.Updateable = "true"
		Debug.AspNetCompiler.ForceOverwrite = "true"
		Debug.AspNetCompiler.FixedNames = "false"
		Debug.AspNetCompiler.Debug = "True"
		Release.AspNetCompiler.VirtualPath = "/Session_Demo"
		Release.AspNetCompiler.PhysicalPath = "..\Session_Demo\"
		Release.AspNetCompiler.TargetPath = "PrecompiledWeb\Session_Demo\"
		Release.AspNetCompiler.Updateable = "true"
		Release.AspNetCompiler.ForceOverwrite = "true"
		Release.AspNetCompiler.FixedNames = "false"
		Release.AspNetCompiler.Debug = "False"
		VWDPort = "1045"
	EndProjectSection
EndProject
Global
	GlobalSection(SolutionConfigurationPlatforms) = preSolution
		Debug|Any CPU = Debug|Any CPU
	EndGlobalSection
	GlobalSection(ProjectConfigurationPlatforms) = postSolution
		{5928D8B4-7EEF-4F07-8A04-05A9FDF32F95}.Debug|Any CPU.ActiveCfg = Debug|Any CPU
		{5928D8B4-7EEF-4F07-8A04-05A9FDF32F95}.Debug|Any CPU.Build.0 = Debug|Any CPU
	EndGlobalSection
	GlobalSection(SolutionProperties) = preSolution
		HideSolutionNode = FALSE
	EndGlobalSection
EndGlobal
