
Microsoft Visual Studio Solution File, Format Version 12.00
# Visual Studio 2012
Project("{E24C65DC-7377-472B-9ABA-BC803B73C61A}") = "Image_Demo", ".", "{33FCA4EC-7F41-4803-9B88-24D0C0BA40E6}"
	ProjectSection(WebsiteProperties) = preProject
		TargetFrameworkMoniker = ".NETFramework,Version%3Dv4.5"
		Debug.AspNetCompiler.VirtualPath = "/Image_Demo"
		Debug.AspNetCompiler.PhysicalPath = "..\Image_Demo\"
		Debug.AspNetCompiler.TargetPath = "PrecompiledWeb\Image_Demo\"
		Debug.AspNetCompiler.Updateable = "true"
		Debug.AspNetCompiler.ForceOverwrite = "true"
		Debug.AspNetCompiler.FixedNames = "false"
		Debug.AspNetCompiler.Debug = "True"
		Release.AspNetCompiler.VirtualPath = "/Image_Demo"
		Release.AspNetCompiler.PhysicalPath = "..\Image_Demo\"
		Release.AspNetCompiler.TargetPath = "PrecompiledWeb\Image_Demo\"
		Release.AspNetCompiler.Updateable = "true"
		Release.AspNetCompiler.ForceOverwrite = "true"
		Release.AspNetCompiler.FixedNames = "false"
		Release.AspNetCompiler.Debug = "False"
		VWDPort = "2893"
	EndProjectSection
EndProject
Global
	GlobalSection(SolutionConfigurationPlatforms) = preSolution
		Debug|Any CPU = Debug|Any CPU
	EndGlobalSection
	GlobalSection(ProjectConfigurationPlatforms) = postSolution
		{33FCA4EC-7F41-4803-9B88-24D0C0BA40E6}.Debug|Any CPU.ActiveCfg = Debug|Any CPU
		{33FCA4EC-7F41-4803-9B88-24D0C0BA40E6}.Debug|Any CPU.Build.0 = Debug|Any CPU
	EndGlobalSection
	GlobalSection(SolutionProperties) = preSolution
		HideSolutionNode = FALSE
	EndGlobalSection
EndGlobal
