
Microsoft Visual Studio Solution File, Format Version 12.00
# Visual Studio 2012
Project("{E24C65DC-7377-472B-9ABA-BC803B73C61A}") = "Wizard_Demo", ".", "{58DB929D-E0AB-4443-9BD1-CCEC521BFBF3}"
	ProjectSection(WebsiteProperties) = preProject
		TargetFrameworkMoniker = ".NETFramework,Version%3Dv4.5"
		Debug.AspNetCompiler.VirtualPath = "/Wizard_Demo"
		Debug.AspNetCompiler.PhysicalPath = "..\Wizard_Demo\"
		Debug.AspNetCompiler.TargetPath = "PrecompiledWeb\Wizard_Demo\"
		Debug.AspNetCompiler.Updateable = "true"
		Debug.AspNetCompiler.ForceOverwrite = "true"
		Debug.AspNetCompiler.FixedNames = "false"
		Debug.AspNetCompiler.Debug = "True"
		Release.AspNetCompiler.VirtualPath = "/Wizard_Demo"
		Release.AspNetCompiler.PhysicalPath = "..\Wizard_Demo\"
		Release.AspNetCompiler.TargetPath = "PrecompiledWeb\Wizard_Demo\"
		Release.AspNetCompiler.Updateable = "true"
		Release.AspNetCompiler.ForceOverwrite = "true"
		Release.AspNetCompiler.FixedNames = "false"
		Release.AspNetCompiler.Debug = "False"
		VWDPort = "3253"
	EndProjectSection
EndProject
Global
	GlobalSection(SolutionConfigurationPlatforms) = preSolution
		Debug|Any CPU = Debug|Any CPU
	EndGlobalSection
	GlobalSection(ProjectConfigurationPlatforms) = postSolution
		{58DB929D-E0AB-4443-9BD1-CCEC521BFBF3}.Debug|Any CPU.ActiveCfg = Debug|Any CPU
		{58DB929D-E0AB-4443-9BD1-CCEC521BFBF3}.Debug|Any CPU.Build.0 = Debug|Any CPU
	EndGlobalSection
	GlobalSection(SolutionProperties) = preSolution
		HideSolutionNode = FALSE
	EndGlobalSection
EndGlobal
